PODS:
  - FBSnapshotTestCase (2.1.4):
    - FBSnapshotTestCase/SwiftSupport (= 2.1.4)
  - FBSnapshotTestCase/Core (2.1.4)
  - FBSnapshotTestCase/SwiftSupport (2.1.4):
    - FBSnapshotTestCase/Core
  - JDCDefender (0.1.0)

DEPENDENCIES:
  - FBSnapshotTestCase
  - JDCDefender (from `../`)

SPEC REPOS:
  trunk:
    - FBSnapshotTestCase

EXTERNAL SOURCES:
  JDCDefender:
    :path: "../"

SPEC CHECKSUMS:
  FBSnapshotTestCase: 094f9f314decbabe373b87cc339bea235a63e07a
  JDCDefender: 6d5b9928b7cbaf636595cc8863f39fe506e6b505

PODFILE CHECKSUM: 9ce4171179ab9dff8dbd1bb0aa6e058d38259134

COCOAPODS: 1.9.3
